langcode: en
status: true
dependencies:
  module:
    - islandora
    - openseadragon
label: 'Paged Content - Openseadragon'
name: openseadragon_block
group: Display
description: 'Display a block for Paged Content'
requireAllConditions: false
disabled: false
conditions:
  node_has_term:
    id: node_has_term
    negate: false
    context_mapping:
      node: '@node.node_route_context:node'
    uri: 'http://openseadragon.github.io,https://schema.org/Book'
    logic: and
reactions:
  blocks:
    id: blocks
    blocks:
      4fe759c9-e1bf-4709-871c-7b8a407c840b:
        id: openseadragon_block
        label: 'Openseadragon block'
        provider: openseadragon
        label_display: '0'
        region: content
        weight: '-1'
        theme: bartik
        css_class: ''
        unique: 0
        context_id: openseadragon_block
        context_mapping: {  }
        iiif_manifest_url: 'http://localhost:8000/node/[node:nid]/book-manifest'
      16401a13-1031-4ffe-96b2-5909df309f6a:
        id: openseadragon_block
        label: 'Openseadragon block'
        provider: openseadragon
        label_display: visible
        region: content
        weight: '0'
        theme: bartik
        css_class: ''
        unique: 0
        context_id: openseadragon_block
        context_mapping: {  }
        iiif_manifest_url: 'http://localhost:8000/node/[node:nid]/book-manifest'
    include_default_blocks: 1
    saved: false
weight: -1
