langcode: en
status: true
dependencies:
  config:
    - search_api.index.default_solr_index
    - views.view.solr_search_content
  module:
    - search_api
id: summary_block
name: Summary
facets:
  agent_by_role_consultant_csl_block:
    checked: true
    label: 'Agent By Role: Consultant (csl)'
    separator: ', '
    weight: 0
    show_count: false
  agent_by_role_creator_cre_block:
    checked: true
    label: 'Agent By Role: Creator (cre)'
    separator: ', '
    weight: 0
    show_count: false
  agent_by_role_publisher_pbl_block:
    checked: true
    label: 'Agent By Role: Publisher (pbl)'
    separator: ', '
    weight: 0
    show_count: false
  date_created_block:
    checked: true
    label: 'Date Created'
    separator: ', '
    weight: 0
    show_count: false
  date_issued_block:
    checked: true
    label: 'Date Issued'
    separator: ', '
    weight: 0
    show_count: false
  duplicate_of_agent_by_role_contributor_ctb_block:
    checked: true
    label: 'Agent By Role: Contributor (ctb)'
    separator: ', '
    weight: 0
    show_count: false
  duplicate_of_author_name_block:
    checked: true
    label: 'Duplicate of Author name'
    separator: ', '
    weight: 0
    show_count: false
  duplicate_of_date_created_block:
    checked: true
    label: 'Date Created'
    separator: ', '
    weight: 0
    show_count: false
  genre_block:
    checked: true
    label: Genre
    separator: ', '
    weight: 0
    show_count: false
  geographic_subject_block_2:
    checked: true
    label: 'Geographic Subject'
    separator: ', '
    weight: 0
    show_count: false
  identifier_block:
    checked: true
    label: Identifier
    separator: ', '
    weight: 0
    show_count: false
  language_block:
    checked: true
    label: Language
    separator: ', '
    weight: 0
    show_count: false
  member_of_block:
    checked: true
    label: 'Member of'
    separator: ', '
    weight: 0
    show_count: false
  physical_form_block:
    checked: true
    label: 'Physical Form'
    separator: ', '
    weight: 0
    show_count: false
  place_published_block:
    checked: true
    label: 'Place Published'
    separator: ', '
    weight: 0
    show_count: false
  subject_block:
    checked: true
    label: Subject
    separator: ', '
    weight: 0
    show_count: false
  subject_name_block:
    checked: true
    label: 'Subject Name'
    separator: ', '
    weight: 0
    show_count: false
facet_source_id: 'search_api:views_block__solr_search_content__block_1'
processor_configs:
  hide_when_not_rendered:
    processor_id: hide_when_not_rendered
    weights:
      build: '45'
    settings: {  }
  show_text_when_empty:
    processor_id: show_text_when_empty
    weights:
      build: '10'
    settings:
      text:
        value: 'No results found.'
        format: plain_text
